// !$*UTF8*$!
{
	archiveVersion = 1;
	classes = {
	};
	objectVersion = 77;
	objects = {

/* Begin PBXBuildFile section */
		0617BBD9E8DFA4629DC96148 /* GraffitiRenderer.swift in Sources */ = {isa = PBXBuildFile; fileRef = 01ED97859A09EB2032F996F6 /* GraffitiRenderer.swift */; };
		13585C7B4B983D2B02646EBA /* GraffitiPicker.swift in Sources */ = {isa = PBXBuildFile; fileRef = 3E22A6B7787B32B79C09787D /* GraffitiPicker.swift */; };
		2B7CFB5699CD7EFB28390A6A /* ARSessionManager.swift in Sources */ = {isa = PBXBuildFile; fileRef = 75F351C06B1DE3677A917FA8 /* ARSessionManager.swift */; };
		51F5394A4F084F0D08BF2B9A /* Assets.xcassets in Resources */ = {isa = PBXBuildFile; fileRef = DB8F2A53658694255AB236EA /* Assets.xcassets */; };
		566F12C40BDD611CB2A7C91D /* GraffitiPlacementController.swift in Sources */ = {isa = PBXBuildFile; fileRef = D4EDBDDAFA8F4131D92CFB3E /* GraffitiPlacementController.swift */; };
		6205A927EA93D8D409F10F58 /* ARViewContainer.swift in Sources */ = {isa = PBXBuildFile; fileRef = E8F98995DCB51D0436C677D9 /* ARViewContainer.swift */; };
		67FAF877591DEC7D9291536D /* CameraPermissionService.swift in Sources */ = {isa = PBXBuildFile; fileRef = 668C4ECA4A48B56E96D50E24 /* CameraPermissionService.swift */; };
		8257BA1E22A5B670B0093C12 /* PlaneDetector.swift in Sources */ = {isa = PBXBuildFile; fileRef = EC15D5B51B8A1C6816F2B17E /* PlaneDetector.swift */; };
		AD0F7FEDD5EF8BEFF7305CE3 /* GraffitiAsset.swift in Sources */ = {isa = PBXBuildFile; fileRef = B6CBAD6B11C4D3027133218A /* GraffitiAsset.swift */; };
		BC8A22C1B32A7B3D795966BA /* AppState.swift in Sources */ = {isa = PBXBuildFile; fileRef = A58F172583C5A0F1E03E6E8C /* AppState.swift */; };
		CD0001E7DD2E1BB4962F5EE1 /* JetSetVisionApp.swift in Sources */ = {isa = PBXBuildFile; fileRef = A64616CF712527AC05A31774 /* JetSetVisionApp.swift */; };
		FC74EFB6EF8D450910D203D7 /* CameraView.swift in Sources */ = {isa = PBXBuildFile; fileRef = A8FAC536861D879E288FDDED /* CameraView.swift */; };
/* End PBXBuildFile section */

/* Begin PBXFileReference section */
		01ED97859A09EB2032F996F6 /* GraffitiRenderer.swift */ = {isa = PBXFileReference; lastKnownFileType = sourcecode.swift; path = GraffitiRenderer.swift; sourceTree = "<group>"; };
		3E22A6B7787B32B79C09787D /* GraffitiPicker.swift */ = {isa = PBXFileReference; lastKnownFileType = sourcecode.swift; path = GraffitiPicker.swift; sourceTree = "<group>"; };
		668C4ECA4A48B56E96D50E24 /* CameraPermissionService.swift */ = {isa = PBXFileReference; lastKnownFileType = sourcecode.swift; path = CameraPermissionService.swift; sourceTree = "<group>"; };
		75F351C06B1DE3677A917FA8 /* ARSessionManager.swift */ = {isa = PBXFileReference; lastKnownFileType = sourcecode.swift; path = ARSessionManager.swift; sourceTree = "<group>"; };
		7E1A43F84B325FD47EA382FF /* JetSetVision.app */ = {isa = PBXFileReference; includeInIndex = 0; lastKnownFileType = wrapper.application; path = JetSetVision.app; sourceTree = BUILT_PRODUCTS_DIR; };
		A58F172583C5A0F1E03E6E8C /* AppState.swift */ = {isa = PBXFileReference; lastKnownFileType = sourcecode.swift; path = AppState.swift; sourceTree = "<group>"; };
		A64616CF712527AC05A31774 /* JetSetVisionApp.swift */ = {isa = PBXFileReference; lastKnownFileType = sourcecode.swift; path = JetSetVisionApp.swift; sourceTree = "<group>"; };
		A8FAC536861D879E288FDDED /* CameraView.swift */ = {isa = PBXFileReference; lastKnownFileType = sourcecode.swift; path = CameraView.swift; sourceTree = "<group>"; };
		B6CBAD6B11C4D3027133218A /* GraffitiAsset.swift */ = {isa = PBXFileReference; lastKnownFileType = sourcecode.swift; path = GraffitiAsset.swift; sourceTree = "<group>"; };
		BE76046A827DADFA3211C8C9 /* Info.plist */ = {isa = PBXFileReference; lastKnownFileType = text.plist; path = Info.plist; sourceTree = "<group>"; };
		D4EDBDDAFA8F4131D92CFB3E /* GraffitiPlacementController.swift */ = {isa = PBXFileReference; lastKnownFileType = sourcecode.swift; path = GraffitiPlacementController.swift; sourceTree = "<group>"; };
		DB8F2A53658694255AB236EA /* Assets.xcassets */ = {isa = PBXFileReference; lastKnownFileType = folder.assetcatalog; path = Assets.xcassets; sourceTree = "<group>"; };
		E8F98995DCB51D0436C677D9 /* ARViewContainer.swift */ = {isa = PBXFileReference; lastKnownFileType = sourcecode.swift; path = ARViewContainer.swift; sourceTree = "<group>"; };
		EC15D5B51B8A1C6816F2B17E /* PlaneDetector.swift */ = {isa = PBXFileReference; lastKnownFileType = sourcecode.swift; path = PlaneDetector.swift; sourceTree = "<group>"; };
/* End PBXFileReference section */

/* Begin PBXGroup section */
		0D1B4447D2721F6F62C0758B /* Resources */ = {
			isa = PBXGroup;
			children = (
				DB8F2A53658694255AB236EA /* Assets.xcassets */,
			);
			path = Resources;
			sourceTree = "<group>";
		};
		0ED607D5532259DBCC56E74A /* Camera */ = {
			isa = PBXGroup;
			children = (
				A8FAC536861D879E288FDDED /* CameraView.swift */,
			);
			path = Camera;
			sourceTree = "<group>";
		};
		43C404FC366F1DDFDB23697C /* AR */ = {
			isa = PBXGroup;
			children = (
				75F351C06B1DE3677A917FA8 /* ARSessionManager.swift */,
				E8F98995DCB51D0436C677D9 /* ARViewContainer.swift */,
				EC15D5B51B8A1C6816F2B17E /* PlaneDetector.swift */,
			);
			path = AR;
			sourceTree = "<group>";
		};
		86F1E5E2BF83DE71F37C8C16 /* Spray */ = {
			isa = PBXGroup;
			children = (
				3E22A6B7787B32B79C09787D /* GraffitiPicker.swift */,
				D4EDBDDAFA8F4131D92CFB3E /* GraffitiPlacementController.swift */,
			);
			path = Spray;
			sourceTree = "<group>";
		};
		8C0F3430996A0780D0CC7675 /* Services */ = {
			isa = PBXGroup;
			children = (
				668C4ECA4A48B56E96D50E24 /* CameraPermissionService.swift */,
				01ED97859A09EB2032F996F6 /* GraffitiRenderer.swift */,
			);
			path = Services;
			sourceTree = "<group>";
		};
		94FD2E95656A11C11062DCB2 /* App */ = {
			isa = PBXGroup;
			children = (
				A58F172583C5A0F1E03E6E8C /* AppState.swift */,
				A64616CF712527AC05A31774 /* JetSetVisionApp.swift */,
			);
			path = App;
			sourceTree = "<group>";
		};
		A701F4F1C6D8BE8E5A444170 /* Products */ = {
			isa = PBXGroup;
			children = (
				7E1A43F84B325FD47EA382FF /* JetSetVision.app */,
			);
			name = Products;
			sourceTree = "<group>";
		};
		B8A93877134C8CACD2BDA198 = {
			isa = PBXGroup;
			children = (
				E88ED51481120D0DE03105B7 /* JetSetVision */,
				A701F4F1C6D8BE8E5A444170 /* Products */,
			);
			sourceTree = "<group>";
		};
		C1141D4E78D720AD613B0FF4 /* Models */ = {
			isa = PBXGroup;
			children = (
				B6CBAD6B11C4D3027133218A /* GraffitiAsset.swift */,
			);
			path = Models;
			sourceTree = "<group>";
		};
		E3B0A579FAC704ADCAA906D9 /* Features */ = {
			isa = PBXGroup;
			children = (
				0ED607D5532259DBCC56E74A /* Camera */,
				86F1E5E2BF83DE71F37C8C16 /* Spray */,
			);
			path = Features;
			sourceTree = "<group>";
		};
		E88ED51481120D0DE03105B7 /* JetSetVision */ = {
			isa = PBXGroup;
			children = (
				BE76046A827DADFA3211C8C9 /* Info.plist */,
				94FD2E95656A11C11062DCB2 /* App */,
				43C404FC366F1DDFDB23697C /* AR */,
				E3B0A579FAC704ADCAA906D9 /* Features */,
				C1141D4E78D720AD613B0FF4 /* Models */,
				0D1B4447D2721F6F62C0758B /* Resources */,
				8C0F3430996A0780D0CC7675 /* Services */,
			);
			path = JetSetVision;
			sourceTree = "<group>";
		};
/* End PBXGroup section */

/* Begin PBXNativeTarget section */
		F90CB802F11B877D26FCAE7B /* JetSetVision */ = {
			isa = PBXNativeTarget;
			buildConfigurationList = 168F04DA4E0E2C382AB7AAA8 /* Build configuration list for PBXNativeTarget "JetSetVision" */;
			buildPhases = (
				5FEB7EBBDD4EAC896BDBD5C8 /* Sources */,
				524835B37FEE1708CD366898 /* Resources */,
			);
			buildRules = (
			);
			dependencies = (
			);
			name = JetSetVision;
			packageProductDependencies = (
			);
			productName = JetSetVision;
			productReference = 7E1A43F84B325FD47EA382FF /* JetSetVision.app */;
			productType = "com.apple.product-type.application";
		};
/* End PBXNativeTarget section */

/* Begin PBXProject section */
		55F142B692420B6777A39609 /* Project object */ = {
			isa = PBXProject;
			attributes = {
				BuildIndependentTargetsInParallel = YES;
				LastUpgradeCheck = 1430;
				TargetAttributes = {
					F90CB802F11B877D26FCAE7B = {
						DevelopmentTeam = "";
						ProvisioningStyle = Automatic;
					};
				};
			};
			buildConfigurationList = 7BFE22DCAE7450D675992518 /* Build configuration list for PBXProject "JetSetVision" */;
			developmentRegion = en;
			hasScannedForEncodings = 0;
			knownRegions = (
				Base,
				en,
			);
			mainGroup = B8A93877134C8CACD2BDA198;
			minimizedProjectReferenceProxies = 1;
			preferredProjectObjectVersion = 77;
			productRefGroup = A701F4F1C6D8BE8E5A444170 /* Products */;
			projectDirPath = "";
			projectRoot = "";
			targets = (
				F90CB802F11B877D26FCAE7B /* JetSetVision */,
			);
		};
/* End PBXProject section */

/* Begin PBXResourcesBuildPhase section */
		524835B37FEE1708CD366898 /* Resources */ = {
			isa = PBXResourcesBuildPhase;
			buildActionMask = 2147483647;
			files = (
				51F5394A4F084F0D08BF2B9A /* Assets.xcassets in Resources */,
			);
			runOnlyForDeploymentPostprocessing = 0;
		};
/* End PBXResourcesBuildPhase section */

/* Begin PBXSourcesBuildPhase section */
		5FEB7EBBDD4EAC896BDBD5C8 /* Sources */ = {
			isa = PBXSourcesBuildPhase;
			buildActionMask = 2147483647;
			files = (
				2B7CFB5699CD7EFB28390A6A /* ARSessionManager.swift in Sources */,
				6205A927EA93D8D409F10F58 /* ARViewContainer.swift in Sources */,
				BC8A22C1B32A7B3D795966BA /* AppState.swift in Sources */,
				67FAF877591DEC7D9291536D /* CameraPermissionService.swift in Sources */,
				FC74EFB6EF8D450910D203D7 /* CameraView.swift in Sources */,
				AD0F7FEDD5EF8BEFF7305CE3 /* GraffitiAsset.swift in Sources */,
				13585C7B4B983D2B02646EBA /* GraffitiPicker.swift in Sources */,
				566F12C40BDD611CB2A7C91D /* GraffitiPlacementController.swift in Sources */,
				0617BBD9E8DFA4629DC96148 /* GraffitiRenderer.swift in Sources */,
				CD0001E7DD2E1BB4962F5EE1 /* JetSetVisionApp.swift in Sources */,
				8257BA1E22A5B670B0093C12 /* PlaneDetector.swift in Sources */,
			);
			runOnlyForDeploymentPostprocessing = 0;
		};
/* End PBXSourcesBuildPhase section */

/* Begin XCBuildConfiguration section */
		23C8B9DCBEB312020CE24002 /* Debug */ = {
			isa = XCBuildConfiguration;
			buildSettings = {
				ALWAYS_SEARCH_USER_PATHS = NO;
				CLANG_ANALYZER_NONNULL = YES;
				CLANG_ANALYZER_NUMBER_OBJECT_CONVERSION = YES_AGGRESSIVE;
				CLANG_CXX_LANGUAGE_STANDARD = "gnu++14";
				CLANG_CXX_LIBRARY = "libc++";
				CLANG_ENABLE_MODULES = YES;
				CLANG_ENABLE_OBJC_ARC = YES;
				CLANG_ENABLE_OBJC_WEAK = YES;
				CLANG_WARN_BLOCK_CAPTURE_AUTORELEASING = YES;
				CLANG_WARN_BOOL_CONVERSION = YES;
				CLANG_WARN_COMMA = YES;
				CLANG_WARN_CONSTANT_CONVERSION = YES;
				CLANG_WARN_DEPRECATED_OBJC_IMPLEMENTATIONS = YES;
				CLANG_WARN_DIRECT_OBJC_ISA_USAGE = YES_ERROR;
				CLANG_WARN_DOCUMENTATION_COMMENTS = YES;
				CLANG_WARN_EMPTY_BODY = YES;
				CLANG_WARN_ENUM_CONVERSION = YES;
				CLANG_WARN_INFINITE_RECURSION = YES;
				CLANG_WARN_INT_CONVERSION = YES;
				CLANG_WARN_NON_LITERAL_NULL_CONVERSION = YES;
				CLANG_WARN_OBJC_IMPLICIT_RETAIN_SELF = YES;
				CLANG_WARN_OBJC_LITERAL_CONVERSION = YES;
				CLANG_WARN_OBJC_ROOT_CLASS = YES_ERROR;
				CLANG_WARN_QUOTED_INCLUDE_IN_FRAMEWORK_HEADER = YES;
				CLANG_WARN_RANGE_LOOP_ANALYSIS = YES;
				CLANG_WARN_STRICT_PROTOTYPES = YES;
				CLANG_WARN_SUSPICIOUS_MOVE = YES;
				CLANG_WARN_UNGUARDED_AVAILABILITY = YES_AGGRESSIVE;
				CLANG_WARN_UNREACHABLE_CODE = YES;
				CLANG_WARN__DUPLICATE_METHOD_MATCH = YES;
				COPY_PHASE_STRIP = NO;
				DEBUG_INFORMATION_FORMAT = dwarf;
				ENABLE_STRICT_OBJC_MSGSEND = YES;
				ENABLE_TESTABILITY = YES;
				GCC_C_LANGUAGE_STANDARD = gnu11;
				GCC_DYNAMIC_NO_PIC = NO;
				GCC_NO_COMMON_BLOCKS = YES;
				GCC_OPTIMIZATION_LEVEL = 0;
				GCC_PREPROCESSOR_DEFINITIONS = (
					"$(inherited)",
					"DEBUG=1",
				);
				GCC_WARN_64_TO_32_BIT_CONVERSION = YES;
				GCC_WARN_ABOUT_RETURN_TYPE = YES_ERROR;
				GCC_WARN_UNDECLARED_SELECTOR = YES;
				GCC_WARN_UNINITIALIZED_AUTOS = YES_AGGRESSIVE;
				GCC_WARN_UNUSED_FUNCTION = YES;
				GCC_WARN_UNUSED_VARIABLE = YES;
				IPHONEOS_DEPLOYMENT_TARGET = 17.0;
				MTL_ENABLE_DEBUG_INFO = INCLUDE_SOURCE;
				MTL_FAST_MATH = YES;
				ONLY_ACTIVE_ARCH = YES;
				PRODUCT_NAME = "$(TARGET_NAME)";
				SDKROOT = iphoneos;
				SWIFT_ACTIVE_COMPILATION_CONDITIONS = DEBUG;
				SWIFT_OPTIMIZATION_LEVEL = "-Onone";
				SWIFT_VERSION = 5.0;
			};
			name = Debug;
		};
		3A883A749BDF69524EC4B5C7 /* Release */ = {
			isa = XCBuildConfiguration;
			buildSettings = {
				ALWAYS_SEARCH_USER_PATHS = NO;
				CLANG_ANALYZER_NONNULL = YES;
				CLANG_ANALYZER_NUMBER_OBJECT_CONVERSION = YES_AGGRESSIVE;
				CLANG_CXX_LANGUAGE_STANDARD = "gnu++14";
				CLANG_CXX_LIBRARY = "libc++";
				CLANG_ENABLE_MODULES = YES;
				CLANG_ENABLE_OBJC_ARC = YES;
				CLANG_ENABLE_OBJC_WEAK = YES;
				CLANG_WARN_BLOCK_CAPTURE_AUTORELEASING = YES;
				CLANG_WARN_BOOL_CONVERSION = YES;
				CLANG_WARN_COMMA = YES;
				CLANG_WARN_CONSTANT_CONVERSION = YES;
				CLANG_WARN_DEPRECATED_OBJC_IMPLEMENTATIONS = YES;
				CLANG_WARN_DIRECT_OBJC_ISA_USAGE = YES_ERROR;
				CLANG_WARN_DOCUMENTATION_COMMENTS = YES;
				CLANG_WARN_EMPTY_BODY = YES;
				CLANG_WARN_ENUM_CONVERSION = YES;
				CLANG_WARN_INFINITE_RECURSION = YES;
				CLANG_WARN_INT_CONVERSION = YES;
				CLANG_WARN_NON_LITERAL_NULL_CONVERSION = YES;
				CLANG_WARN_OBJC_IMPLICIT_RETAIN_SELF = YES;
				CLANG_WARN_OBJC_LITERAL_CONVERSION = YES;
				CLANG_WARN_OBJC_ROOT_CLASS = YES_ERROR;
				CLANG_WARN_QUOTED_INCLUDE_IN_FRAMEWORK_HEADER = YES;
				CLANG_WARN_RANGE_LOOP_ANALYSIS = YES;
				CLANG_WARN_STRICT_PROTOTYPES = YES;
				CLANG_WARN_SUSPICIOUS_MOVE = YES;
				CLANG_WARN_UNGUARDED_AVAILABILITY = YES_AGGRESSIVE;
				CLANG_WARN_UNREACHABLE_CODE = YES;
				CLANG_WARN__DUPLICATE_METHOD_MATCH = YES;
				COPY_PHASE_STRIP = NO;
				DEBUG_INFORMATION_FORMAT = "dwarf-with-dsym";
				ENABLE_NS_ASSERTIONS = NO;
				ENABLE_STRICT_OBJC_MSGSEND = YES;
				GCC_C_LANGUAGE_STANDARD = gnu11;
				GCC_NO_COMMON_BLOCKS = YES;
				GCC_WARN_64_TO_32_BIT_CONVERSION = YES;
				GCC_WARN_ABOUT_RETURN_TYPE = YES_ERROR;
				GCC_WARN_UNDECLARED_SELECTOR = YES;
				GCC_WARN_UNINITIALIZED_AUTOS = YES_AGGRESSIVE;
				GCC_WARN_UNUSED_FUNCTION = YES;
				GCC_WARN_UNUSED_VARIABLE = YES;
				IPHONEOS_DEPLOYMENT_TARGET = 17.0;
				MTL_ENABLE_DEBUG_INFO = NO;
				MTL_FAST_MATH = YES;
				PRODUCT_NAME = "$(TARGET_NAME)";
				SDKROOT = iphoneos;
				SWIFT_COMPILATION_MODE = wholemodule;
				SWIFT_OPTIMIZATION_LEVEL = "-O";
				SWIFT_VERSION = 5.0;
			};
			name = Release;
		};
		87841223B20F25BEE69F74B3 /* Release */ = {
			isa = XCBuildConfiguration;
			buildSettings = {
				ASSETCATALOG_COMPILER_APPICON_NAME = AppIcon;
				CODE_SIGN_IDENTITY = "iPhone Developer";
				CODE_SIGN_STYLE = Automatic;
				DEVELOPMENT_TEAM = "";
				ENABLE_PREVIEWS = YES;
				INFOPLIST_FILE = JetSetVision/Info.plist;
				IPHONEOS_DEPLOYMENT_TARGET = 17.0;
				LD_RUNPATH_SEARCH_PATHS = (
					"$(inherited)",
					"@executable_path/Frameworks",
				);
				PRODUCT_BUNDLE_IDENTIFIER = com.torienmitchell.JetSetVision;
				SDKROOT = iphoneos;
				SWIFT_VERSION = 5.0;
				TARGETED_DEVICE_FAMILY = 1;
			};
			name = Release;
		};
		BCCC81E2D77F056320920D13 /* Debug */ = {
			isa = XCBuildConfiguration;
			buildSettings = {
				ASSETCATALOG_COMPILER_APPICON_NAME = AppIcon;
				CODE_SIGN_IDENTITY = "iPhone Developer";
				CODE_SIGN_STYLE = Automatic;
				DEVELOPMENT_TEAM = "";
				ENABLE_PREVIEWS = YES;
				INFOPLIST_FILE = JetSetVision/Info.plist;
				IPHONEOS_DEPLOYMENT_TARGET = 17.0;
				LD_RUNPATH_SEARCH_PATHS = (
					"$(inherited)",
					"@executable_path/Frameworks",
				);
				PRODUCT_BUNDLE_IDENTIFIER = com.torienmitchell.JetSetVision;
				SDKROOT = iphoneos;
				SWIFT_VERSION = 5.0;
				TARGETED_DEVICE_FAMILY = 1;
			};
			name = Debug;
		};
/* End XCBuildConfiguration section */

/* Begin XCConfigurationList section */
		168F04DA4E0E2C382AB7AAA8 /* Build configuration list for PBXNativeTarget "JetSetVision" */ = {
			isa = XCConfigurationList;
			buildConfigurations = (
				BCCC81E2D77F056320920D13 /* Debug */,
				87841223B20F25BEE69F74B3 /* Release */,
			);
			defaultConfigurationIsVisible = 0;
			defaultConfigurationName = Debug;
		};
		7BFE22DCAE7450D675992518 /* Build configuration list for PBXProject "JetSetVision" */ = {
			isa = XCConfigurationList;
			buildConfigurations = (
				23C8B9DCBEB312020CE24002 /* Debug */,
				3A883A749BDF69524EC4B5C7 /* Release */,
			);
			defaultConfigurationIsVisible = 0;
			defaultConfigurationName = Debug;
		};
/* End XCConfigurationList section */
	};
	rootObject = 55F142B692420B6777A39609 /* Project object */;
}
